
Microsoft Visual Studio Solution File, Format Version 12.00
# Visual Studio 15
VisualStudioVersion = 15.0.27130.2026
MinimumVisualStudioVersion = 10.0.40219.1
Project("{FAE04EC0-301F-11D3-BF4B-00C04F79EFBC}") = "Tm.English.CodesApp", "Tm.English.CodesApp\Tm.English.CodesApp.csproj", "{72286861-BC05-409B-BE15-487CBF066730}"
EndProject
Project("{2150E333-8FDC-42A3-9474-1A3956D46DE8}") = "Mobile.Core", "Mobile.Core", "{274E3E28-9D3A-43A6-9289-14F4364439DA}"
EndProject
Project("{9A19103F-16F7-4668-BE54-9A1E7A4F7556}") = "Tm.Mobile.Core", "Tm.Mobile.Core\Tm.Mobile.Core.csproj", "{6BE0F9CC-868F-4704-976B-132430CF5F0F}"
EndProject
Global
	GlobalSection(SolutionConfigurationPlatforms) = preSolution
		Debug|Any CPU = Debug|Any CPU
		Release|Any CPU = Release|Any CPU
	EndGlobalSection
	GlobalSection(ProjectConfigurationPlatforms) = postSolution
		{72286861-BC05-409B-BE15-487CBF066730}.Debug|Any CPU.ActiveCfg = Debug|Any CPU
		{72286861-BC05-409B-BE15-487CBF066730}.Debug|Any CPU.Build.0 = Debug|Any CPU
		{72286861-BC05-409B-BE15-487CBF066730}.Release|Any CPU.ActiveCfg = Release|Any CPU
		{72286861-BC05-409B-BE15-487CBF066730}.Release|Any CPU.Build.0 = Release|Any CPU
		{6BE0F9CC-868F-4704-976B-132430CF5F0F}.Debug|Any CPU.ActiveCfg = Debug|Any CPU
		{6BE0F9CC-868F-4704-976B-132430CF5F0F}.Debug|Any CPU.Build.0 = Debug|Any CPU
		{6BE0F9CC-868F-4704-976B-132430CF5F0F}.Release|Any CPU.ActiveCfg = Release|Any CPU
		{6BE0F9CC-868F-4704-976B-132430CF5F0F}.Release|Any CPU.Build.0 = Release|Any CPU
	EndGlobalSection
	GlobalSection(SolutionProperties) = preSolution
		HideSolutionNode = FALSE
	EndGlobalSection
	GlobalSection(NestedProjects) = preSolution
		{6BE0F9CC-868F-4704-976B-132430CF5F0F} = {274E3E28-9D3A-43A6-9289-14F4364439DA}
	EndGlobalSection
	GlobalSection(ExtensibilityGlobals) = postSolution
		SolutionGuid = {FBD45C9F-929E-4108-B4C8-A7B250208A82}
	EndGlobalSection
EndGlobal
